// !$*UTF8*$!
{
	archiveVersion = 1;
	classes = {
	};
	objectVersion = 48;
	objects = {

/* Begin PBXBuildFile section */
		5E7E29F5B00B090C8BD2E9D0 /* Pods_TwitSplit.framework in Frameworks */ = {isa = PBXBuildFile; fileRef = 6E47B521B5F1CFFC47A1A20C /* Pods_TwitSplit.framework */; };
		C80C5EE41F86344000EC0016 /* MessagesPresenter.swift in Sources */ = {isa = PBXBuildFile; fileRef = C80C5EE31F86344000EC0016 /* MessagesPresenter.swift */; };
		C80C5EE71F8672E600EC0016 /* TwitterManager.swift in Sources */ = {isa = PBXBuildFile; fileRef = C80C5EE61F8672E600EC0016 /* TwitterManager.swift */; };
		C80C5EE91F8675C000EC0016 /* User.swift in Sources */ = {isa = PBXBuildFile; fileRef = C80C5EE81F8675C000EC0016 /* User.swift */; };
		C80C5EEB1F867A0600EC0016 /* Message.swift in Sources */ = {isa = PBXBuildFile; fileRef = C80C5EEA1F867A0600EC0016 /* Message.swift */; };
		C80C5EED1F867B7700EC0016 /* TwitterResult.swift in Sources */ = {isa = PBXBuildFile; fileRef = C80C5EEC1F867B7700EC0016 /* TwitterResult.swift */; };
		C80C5EEF1F867C6300EC0016 /* Twitter.swift in Sources */ = {isa = PBXBuildFile; fileRef = C80C5EEE1F867C6300EC0016 /* Twitter.swift */; };
		C80C5EF11F867EFF00EC0016 /* TwitterAlgorithm.swift in Sources */ = {isa = PBXBuildFile; fileRef = C80C5EF01F867EFF00EC0016 /* TwitterAlgorithm.swift */; };
		C80C5EF51F8686A200EC0016 /* TwitterValue.swift in Sources */ = {isa = PBXBuildFile; fileRef = C80C5EF41F8686A200EC0016 /* TwitterValue.swift */; };
		C8165D9E1F84DC52004A258F /* UIView.swift in Sources */ = {isa = PBXBuildFile; fileRef = C8165D9D1F84DC52004A258F /* UIView.swift */; };
		C8165DA01F84DC7E004A258F /* NSAttributedString.swift in Sources */ = {isa = PBXBuildFile; fileRef = C8165D9F1F84DC7E004A258F /* NSAttributedString.swift */; };
		C8165DA21F84DCC9004A258F /* UIImageView.swift in Sources */ = {isa = PBXBuildFile; fileRef = C8165DA11F84DCC9004A258F /* UIImageView.swift */; };
		C8165DA91F84DF52004A258F /* MainViewController.swift in Sources */ = {isa = PBXBuildFile; fileRef = C8165DA81F84DF52004A258F /* MainViewController.swift */; };
		C8165DAC1F84DF6E004A258F /* MessagesViewController.swift in Sources */ = {isa = PBXBuildFile; fileRef = C8165DAB1F84DF6E004A258F /* MessagesViewController.swift */; };
		C8165DAE1F84DF75004A258F /* SettingsViewController.swift in Sources */ = {isa = PBXBuildFile; fileRef = C8165DAD1F84DF75004A258F /* SettingsViewController.swift */; };
		C8165DB01F84DF7D004A258F /* ProfileViewController.swift in Sources */ = {isa = PBXBuildFile; fileRef = C8165DAF1F84DF7D004A258F /* ProfileViewController.swift */; };
		C8165DB21F84DFB8004A258F /* SplashScreenViewController.swift in Sources */ = {isa = PBXBuildFile; fileRef = C8165DB11F84DFB8004A258F /* SplashScreenViewController.swift */; };
		C8165DB41F84E089004A258F /* Settings.storyboard in Resources */ = {isa = PBXBuildFile; fileRef = C8165DB31F84E089004A258F /* Settings.storyboard */; };
		C816D5FD1F84CA3800128768 /* LaunchScreen.storyboard in Resources */ = {isa = PBXBuildFile; fileRef = C816D5FC1F84CA3800128768 /* LaunchScreen.storyboard */; };
		C816D5FF1F84CA5300128768 /* Messages.storyboard in Resources */ = {isa = PBXBuildFile; fileRef = C816D5FE1F84CA5300128768 /* Messages.storyboard */; };
		C8249A8A1F8A716C002ECB8F /* TwitSplitTests.swift in Sources */ = {isa = PBXBuildFile; fileRef = C8249A891F8A716C002ECB8F /* TwitSplitTests.swift */; };
		C8249AA91F8A9645002ECB8F /* GrowingTextView.swift in Sources */ = {isa = PBXBuildFile; fileRef = C8249AA81F8A9645002ECB8F /* GrowingTextView.swift */; };
		C833F9761F88CFCE00F7EB75 /* TwitterPart.swift in Sources */ = {isa = PBXBuildFile; fileRef = C833F9751F88CFCE00F7EB75 /* TwitterPart.swift */; };
		C841CCD81F850E45007CD422 /* Authentication.storyboard in Resources */ = {isa = PBXBuildFile; fileRef = C841CCD71F850E45007CD422 /* Authentication.storyboard */; };
		C841CCDB1F850E6C007CD422 /* LoginViewController.swift in Sources */ = {isa = PBXBuildFile; fileRef = C841CCDA1F850E6C007CD422 /* LoginViewController.swift */; };
		C841CCDD1F850E7A007CD422 /* RegisterViewController.swift in Sources */ = {isa = PBXBuildFile; fileRef = C841CCDC1F850E7A007CD422 /* RegisterViewController.swift */; };
		C85C3B1A1F8480AE00A0DB3D /* Main.storyboard in Resources */ = {isa = PBXBuildFile; fileRef = C85C3B191F8480AE00A0DB3D /* Main.storyboard */; };
		C87F961F1FD542550029DFE1 /* TestViewController.swift in Sources */ = {isa = PBXBuildFile; fileRef = C87F961E1FD542550029DFE1 /* TestViewController.swift */; };
		C87F96211FD5426A0029DFE1 /* Test.storyboard in Resources */ = {isa = PBXBuildFile; fileRef = C87F96201FD5426A0029DFE1 /* Test.storyboard */; };
		C88508F91F84EBF000F97475 /* OpenSans-bold.ttf in Resources */ = {isa = PBXBuildFile; fileRef = C85C3B121F847C4200A0DB3D /* OpenSans-bold.ttf */; };
		C88508FA1F84EBF000F97475 /* OpenSans-light.ttf in Resources */ = {isa = PBXBuildFile; fileRef = C85C3B111F847C4200A0DB3D /* OpenSans-light.ttf */; };
		C88508FB1F84EBF000F97475 /* OpenSans-semibold.ttf in Resources */ = {isa = PBXBuildFile; fileRef = C85C3B131F847C4200A0DB3D /* OpenSans-semibold.ttf */; };
		C88508FC1F84EBF000F97475 /* OpenSans.ttf in Resources */ = {isa = PBXBuildFile; fileRef = C85C3B141F847C4200A0DB3D /* OpenSans.ttf */; };
		C88508FD1F84EBF500F97475 /* Assets.xcassets in Resources */ = {isa = PBXBuildFile; fileRef = C88508F71F84E61C00F97475 /* Assets.xcassets */; };
		C88FFE931F84D1480006506A /* SplashScreen.storyboard in Resources */ = {isa = PBXBuildFile; fileRef = C88FFE921F84D1480006506A /* SplashScreen.storyboard */; };
		C88FFE9E1F84D24B0006506A /* BaseViewController.swift in Sources */ = {isa = PBXBuildFile; fileRef = C88FFE9D1F84D24B0006506A /* BaseViewController.swift */; };
		C88FFEA01F84D3FF0006506A /* Global.swift in Sources */ = {isa = PBXBuildFile; fileRef = C88FFE9F1F84D3FE0006506A /* Global.swift */; };
		C88FFEA21F84D4C40006506A /* UIColor.swift in Sources */ = {isa = PBXBuildFile; fileRef = C88FFEA11F84D4C40006506A /* UIColor.swift */; };
		C88FFEA41F84D52F0006506A /* AppDelegate.swift in Sources */ = {isa = PBXBuildFile; fileRef = C88FFEA31F84D52F0006506A /* AppDelegate.swift */; };
		C8B3FC0D1F85FC2D002EB8A0 /* MessageTableViewCell.swift in Sources */ = {isa = PBXBuildFile; fileRef = C8B3FC0B1F85FC2D002EB8A0 /* MessageTableViewCell.swift */; };
		C8B3FC0E1F85FC2D002EB8A0 /* MessageTableViewCell.xib in Resources */ = {isa = PBXBuildFile; fileRef = C8B3FC0C1F85FC2D002EB8A0 /* MessageTableViewCell.xib */; };
		C8B3FC111F85FF0E002EB8A0 /* MessageInputBarView.swift in Sources */ = {isa = PBXBuildFile; fileRef = C8B3FC101F85FF0E002EB8A0 /* MessageInputBarView.swift */; };
		C8B3FC151F86027B002EB8A0 /* MessageInputBarView.xib in Resources */ = {isa = PBXBuildFile; fileRef = C8B3FC141F86027B002EB8A0 /* MessageInputBarView.xib */; };
		C8EA65AB1F85DD4E0067B96C /* String.swift in Sources */ = {isa = PBXBuildFile; fileRef = C8EA65AA1F85DD4E0067B96C /* String.swift */; };
		C8EA65AD1F85DFD30067B96C /* LoginPresenter.swift in Sources */ = {isa = PBXBuildFile; fileRef = C8EA65AC1F85DFD30067B96C /* LoginPresenter.swift */; };
		C8EA65AF1F85E2420067B96C /* RegisterPresenter.swift in Sources */ = {isa = PBXBuildFile; fileRef = C8EA65AE1F85E2420067B96C /* RegisterPresenter.swift */; };
/* End PBXBuildFile section */

/* Begin PBXContainerItemProxy section */
		C8249A8C1F8A716C002ECB8F /* PBXContainerItemProxy */ = {
			isa = PBXContainerItemProxy;
			containerPortal = C8BE16951F836EB0001C383A /* Project object */;
			proxyType = 1;
			remoteGlobalIDString = C8BE169C1F836EB0001C383A;
			remoteInfo = TwitSplit;
		};
/* End PBXContainerItemProxy section */

/* Begin PBXFileReference section */
		6E47B521B5F1CFFC47A1A20C /* Pods_TwitSplit.framework */ = {isa = PBXFileReference; explicitFileType = wrapper.framework; includeInIndex = 0; path = Pods_TwitSplit.framework; sourceTree = BUILT_PRODUCTS_DIR; };
		C80C5EE31F86344000EC0016 /* MessagesPresenter.swift */ = {isa = PBXFileReference; lastKnownFileType = sourcecode.swift; path = MessagesPresenter.swift; sourceTree = "<group>"; };
		C80C5EE61F8672E600EC0016 /* TwitterManager.swift */ = {isa = PBXFileReference; lastKnownFileType = sourcecode.swift; path = TwitterManager.swift; sourceTree = "<group>"; };
		C80C5EE81F8675C000EC0016 /* User.swift */ = {isa = PBXFileReference; lastKnownFileType = sourcecode.swift; path = User.swift; sourceTree = "<group>"; };
		C80C5EEA1F867A0600EC0016 /* Message.swift */ = {isa = PBXFileReference; lastKnownFileType = sourcecode.swift; path = Message.swift; sourceTree = "<group>"; };
		C80C5EEC1F867B7700EC0016 /* TwitterResult.swift */ = {isa = PBXFileReference; lastKnownFileType = sourcecode.swift; path = TwitterResult.swift; sourceTree = "<group>"; };
		C80C5EEE1F867C6300EC0016 /* Twitter.swift */ = {isa = PBXFileReference; lastKnownFileType = sourcecode.swift; path = Twitter.swift; sourceTree = "<group>"; };
		C80C5EF01F867EFF00EC0016 /* TwitterAlgorithm.swift */ = {isa = PBXFileReference; lastKnownFileType = sourcecode.swift; path = TwitterAlgorithm.swift; sourceTree = "<group>"; };
		C80C5EF41F8686A200EC0016 /* TwitterValue.swift */ = {isa = PBXFileReference; lastKnownFileType = sourcecode.swift; path = TwitterValue.swift; sourceTree = "<group>"; };
		C81596A11F8B578A00BCA9C1 /* MyAvatar.jpg */ = {isa = PBXFileReference; lastKnownFileType = image.jpeg; path = MyAvatar.jpg; sourceTree = "<group>"; };
		C8165D9D1F84DC52004A258F /* UIView.swift */ = {isa = PBXFileReference; lastKnownFileType = sourcecode.swift; path = UIView.swift; sourceTree = "<group>"; };
		C8165D9F1F84DC7E004A258F /* NSAttributedString.swift */ = {isa = PBXFileReference; lastKnownFileType = sourcecode.swift; path = NSAttributedString.swift; sourceTree = "<group>"; };
		C8165DA11F84DCC9004A258F /* UIImageView.swift */ = {isa = PBXFileReference; lastKnownFileType = sourcecode.swift; path = UIImageView.swift; sourceTree = "<group>"; };
		C8165DA81F84DF52004A258F /* MainViewController.swift */ = {isa = PBXFileReference; lastKnownFileType = sourcecode.swift; path = MainViewController.swift; sourceTree = "<group>"; };
		C8165DAB1F84DF6E004A258F /* MessagesViewController.swift */ = {isa = PBXFileReference; lastKnownFileType = sourcecode.swift; path = MessagesViewController.swift; sourceTree = "<group>"; };
		C8165DAD1F84DF75004A258F /* SettingsViewController.swift */ = {isa = PBXFileReference; lastKnownFileType = sourcecode.swift; path = SettingsViewController.swift; sourceTree = "<group>"; };
		C8165DAF1F84DF7D004A258F /* ProfileViewController.swift */ = {isa = PBXFileReference; lastKnownFileType = sourcecode.swift; path = ProfileViewController.swift; sourceTree = "<group>"; };
		C8165DB11F84DFB8004A258F /* SplashScreenViewController.swift */ = {isa = PBXFileReference; lastKnownFileType = sourcecode.swift; path = SplashScreenViewController.swift; sourceTree = "<group>"; };
		C8165DB31F84E089004A258F /* Settings.storyboard */ = {isa = PBXFileReference; lastKnownFileType = file.storyboard; path = Settings.storyboard; sourceTree = "<group>"; };
		C816D5FC1F84CA3800128768 /* LaunchScreen.storyboard */ = {isa = PBXFileReference; lastKnownFileType = file.storyboard; path = LaunchScreen.storyboard; sourceTree = "<group>"; };
		C816D5FE1F84CA5300128768 /* Messages.storyboard */ = {isa = PBXFileReference; lastKnownFileType = file.storyboard; path = Messages.storyboard; sourceTree = "<group>"; };
		C8249A871F8A716C002ECB8F /* TwitSplitTests.xctest */ = {isa = PBXFileReference; explicitFileType = wrapper.cfbundle; includeInIndex = 0; path = TwitSplitTests.xctest; sourceTree = BUILT_PRODUCTS_DIR; };
		C8249A891F8A716C002ECB8F /* TwitSplitTests.swift */ = {isa = PBXFileReference; lastKnownFileType = sourcecode.swift; path = TwitSplitTests.swift; sourceTree = "<group>"; };
		C8249A8B1F8A716C002ECB8F /* Info.plist */ = {isa = PBXFileReference; lastKnownFileType = text.plist.xml; path = Info.plist; sourceTree = "<group>"; };
		C8249A9D1F8A7ECB002ECB8F /* TwitSplit-Bridging-Header.h */ = {isa = PBXFileReference; lastKnownFileType = sourcecode.c.h; path = "TwitSplit-Bridging-Header.h"; sourceTree = "<group>"; };
		C8249AA81F8A9645002ECB8F /* GrowingTextView.swift */ = {isa = PBXFileReference; lastKnownFileType = sourcecode.swift; path = GrowingTextView.swift; sourceTree = "<group>"; };
		C833F9751F88CFCE00F7EB75 /* TwitterPart.swift */ = {isa = PBXFileReference; lastKnownFileType = sourcecode.swift; path = TwitterPart.swift; sourceTree = "<group>"; };
		C841CCD71F850E45007CD422 /* Authentication.storyboard */ = {isa = PBXFileReference; lastKnownFileType = file.storyboard; path = Authentication.storyboard; sourceTree = "<group>"; };
		C841CCDA1F850E6C007CD422 /* LoginViewController.swift */ = {isa = PBXFileReference; lastKnownFileType = sourcecode.swift; path = LoginViewController.swift; sourceTree = "<group>"; };
		C841CCDC1F850E7A007CD422 /* RegisterViewController.swift */ = {isa = PBXFileReference; lastKnownFileType = sourcecode.swift; path = RegisterViewController.swift; sourceTree = "<group>"; };
		C84885551F837ECA0032FA3B /* Info.plist */ = {isa = PBXFileReference; lastKnownFileType = text.plist.xml; path = Info.plist; sourceTree = "<group>"; };
		C84885571F837ED40032FA3B /* TwitSplit.xcdatamodel */ = {isa = PBXFileReference; lastKnownFileType = wrapper.xcdatamodel; path = TwitSplit.xcdatamodel; sourceTree = "<group>"; };
		C85C3B111F847C4200A0DB3D /* OpenSans-light.ttf */ = {isa = PBXFileReference; lastKnownFileType = file; path = "OpenSans-light.ttf"; sourceTree = "<group>"; };
		C85C3B121F847C4200A0DB3D /* OpenSans-bold.ttf */ = {isa = PBXFileReference; lastKnownFileType = file; path = "OpenSans-bold.ttf"; sourceTree = "<group>"; };
		C85C3B131F847C4200A0DB3D /* OpenSans-semibold.ttf */ = {isa = PBXFileReference; lastKnownFileType = file; path = "OpenSans-semibold.ttf"; sourceTree = "<group>"; };
		C85C3B141F847C4200A0DB3D /* OpenSans.ttf */ = {isa = PBXFileReference; lastKnownFileType = file; path = OpenSans.ttf; sourceTree = "<group>"; };
		C85C3B191F8480AE00A0DB3D /* Main.storyboard */ = {isa = PBXFileReference; lastKnownFileType = file.storyboard; path = Main.storyboard; sourceTree = "<group>"; };
		C87F961E1FD542550029DFE1 /* TestViewController.swift */ = {isa = PBXFileReference; lastKnownFileType = sourcecode.swift; path = TestViewController.swift; sourceTree = "<group>"; };
		C87F96201FD5426A0029DFE1 /* Test.storyboard */ = {isa = PBXFileReference; lastKnownFileType = file.storyboard; path = Test.storyboard; sourceTree = "<group>"; };
		C88508F71F84E61C00F97475 /* Assets.xcassets */ = {isa = PBXFileReference; lastKnownFileType = folder.assetcatalog; path = Assets.xcassets; sourceTree = "<group>"; };
		C88FFE921F84D1480006506A /* SplashScreen.storyboard */ = {isa = PBXFileReference; lastKnownFileType = file.storyboard; path = SplashScreen.storyboard; sourceTree = "<group>"; };
		C88FFE9D1F84D24B0006506A /* BaseViewController.swift */ = {isa = PBXFileReference; lastKnownFileType = sourcecode.swift; path = BaseViewController.swift; sourceTree = "<group>"; };
		C88FFE9F1F84D3FE0006506A /* Global.swift */ = {isa = PBXFileReference; lastKnownFileType = sourcecode.swift; path = Global.swift; sourceTree = "<group>"; };
		C88FFEA11F84D4C40006506A /* UIColor.swift */ = {isa = PBXFileReference; lastKnownFileType = sourcecode.swift; path = UIColor.swift; sourceTree = "<group>"; };
		C88FFEA31F84D52F0006506A /* AppDelegate.swift */ = {isa = PBXFileReference; lastKnownFileType = sourcecode.swift; path = AppDelegate.swift; sourceTree = "<group>"; };
		C8B3FC0B1F85FC2D002EB8A0 /* MessageTableViewCell.swift */ = {isa = PBXFileReference; lastKnownFileType = sourcecode.swift; path = MessageTableViewCell.swift; sourceTree = "<group>"; };
		C8B3FC0C1F85FC2D002EB8A0 /* MessageTableViewCell.xib */ = {isa = PBXFileReference; lastKnownFileType = file.xib; path = MessageTableViewCell.xib; sourceTree = "<group>"; };
		C8B3FC101F85FF0E002EB8A0 /* MessageInputBarView.swift */ = {isa = PBXFileReference; lastKnownFileType = sourcecode.swift; path = MessageInputBarView.swift; sourceTree = "<group>"; };
		C8B3FC141F86027B002EB8A0 /* MessageInputBarView.xib */ = {isa = PBXFileReference; lastKnownFileType = file.xib; path = MessageInputBarView.xib; sourceTree = "<group>"; };
		C8BE169D1F836EB0001C383A /* TwitSplit.app */ = {isa = PBXFileReference; explicitFileType = wrapper.application; includeInIndex = 0; path = TwitSplit.app; sourceTree = BUILT_PRODUCTS_DIR; };
		C8EA65AA1F85DD4E0067B96C /* String.swift */ = {isa = PBXFileReference; lastKnownFileType = sourcecode.swift; path = String.swift; sourceTree = "<group>"; };
		C8EA65AC1F85DFD30067B96C /* LoginPresenter.swift */ = {isa = PBXFileReference; lastKnownFileType = sourcecode.swift; path = LoginPresenter.swift; sourceTree = "<group>"; };
		C8EA65AE1F85E2420067B96C /* RegisterPresenter.swift */ = {isa = PBXFileReference; lastKnownFileType = sourcecode.swift; path = RegisterPresenter.swift; sourceTree = "<group>"; };
		E214A6852642F3B87E517D9E /* Pods-TwitSplit.release.xcconfig */ = {isa = PBXFileReference; includeInIndex = 1; lastKnownFileType = text.xcconfig; name = "Pods-TwitSplit.release.xcconfig"; path = "Pods/Target Support Files/Pods-TwitSplit/Pods-TwitSplit.release.xcconfig"; sourceTree = "<group>"; };
		E57849FE1335DA2F9D757D3D /* Pods-TwitSplit.debug.xcconfig */ = {isa = PBXFileReference; includeInIndex = 1; lastKnownFileType = text.xcconfig; name = "Pods-TwitSplit.debug.xcconfig"; path = "Pods/Target Support Files/Pods-TwitSplit/Pods-TwitSplit.debug.xcconfig"; sourceTree = "<group>"; };
/* End PBXFileReference section */

/* Begin PBXFrameworksBuildPhase section */
		C8249A841F8A716C002ECB8F /* Frameworks */ = {
			isa = PBXFrameworksBuildPhase;
			buildActionMask = 2147483647;
			files = (
			);
			runOnlyForDeploymentPostprocessing = 0;
		};
		C8BE169A1F836EB0001C383A /* Frameworks */ = {
			isa = PBXFrameworksBuildPhase;
			buildActionMask = 2147483647;
			files = (
				5E7E29F5B00B090C8BD2E9D0 /* Pods_TwitSplit.framework in Frameworks */,
			);
			runOnlyForDeploymentPostprocessing = 0;
		};
/* End PBXFrameworksBuildPhase section */

/* Begin PBXGroup section */
		44CBF753363416D67CFD47B1 /* Pods */ = {
			isa = PBXGroup;
			children = (
				E57849FE1335DA2F9D757D3D /* Pods-TwitSplit.debug.xcconfig */,
				E214A6852642F3B87E517D9E /* Pods-TwitSplit.release.xcconfig */,
			);
			name = Pods;
			sourceTree = "<group>";
		};
		BBFAFFCEA611FA2BD40370DE /* Frameworks */ = {
			isa = PBXGroup;
			children = (
				6E47B521B5F1CFFC47A1A20C /* Pods_TwitSplit.framework */,
			);
			name = Frameworks;
			sourceTree = "<group>";
		};
		C80C5EE51F86647500EC0016 /* Manager */ = {
			isa = PBXGroup;
			children = (
				C80C5EF41F8686A200EC0016 /* TwitterValue.swift */,
				C833F9751F88CFCE00F7EB75 /* TwitterPart.swift */,
				C80C5EEC1F867B7700EC0016 /* TwitterResult.swift */,
				C80C5EF01F867EFF00EC0016 /* TwitterAlgorithm.swift */,
				C80C5EE61F8672E600EC0016 /* TwitterManager.swift */,
			);
			path = Manager;
			sourceTree = "<group>";
		};
		C8165DA31F84DEAC004A258F /* SplashScreen */ = {
			isa = PBXGroup;
			children = (
				C8165DB11F84DFB8004A258F /* SplashScreenViewController.swift */,
			);
			path = SplashScreen;
			sourceTree = "<group>";
		};
		C8165DA51F84DED4004A258F /* Messages */ = {
			isa = PBXGroup;
			children = (
				C8165DAB1F84DF6E004A258F /* MessagesViewController.swift */,
			);
			path = Messages;
			sourceTree = "<group>";
		};
		C8165DA61F84DED9004A258F /* Settings */ = {
			isa = PBXGroup;
			children = (
				C8165DAD1F84DF75004A258F /* SettingsViewController.swift */,
				C8165DAF1F84DF7D004A258F /* ProfileViewController.swift */,
			);
			path = Settings;
			sourceTree = "<group>";
		};
		C8165DA71F84DF13004A258F /* Main */ = {
			isa = PBXGroup;
			children = (
				C8165DA81F84DF52004A258F /* MainViewController.swift */,
			);
			path = Main;
			sourceTree = "<group>";
		};
		C81B69AF1F8B554F00F63ADD /* Avatar */ = {
			isa = PBXGroup;
			children = (
				C81596A11F8B578A00BCA9C1 /* MyAvatar.jpg */,
			);
			path = Avatar;
			sourceTree = "<group>";
		};
		C8249A881F8A716C002ECB8F /* TwitSplitTests */ = {
			isa = PBXGroup;
			children = (
				C8249A891F8A716C002ECB8F /* TwitSplitTests.swift */,
				C8249A8B1F8A716C002ECB8F /* Info.plist */,
			);
			path = TwitSplitTests;
			sourceTree = "<group>";
		};
		C8249A951F8A7E50002ECB8F /* Libraries */ = {
			isa = PBXGroup;
			children = (
				C8249AA71F8A9623002ECB8F /* GrowingTextView */,
			);
			path = Libraries;
			sourceTree = "<group>";
		};
		C8249A9C1F8A7E9A002ECB8F /* BridgingHeader */ = {
			isa = PBXGroup;
			children = (
				C8249A9D1F8A7ECB002ECB8F /* TwitSplit-Bridging-Header.h */,
			);
			path = BridgingHeader;
			sourceTree = "<group>";
		};
		C8249AA71F8A9623002ECB8F /* GrowingTextView */ = {
			isa = PBXGroup;
			children = (
				C8249AA81F8A9645002ECB8F /* GrowingTextView.swift */,
			);
			path = GrowingTextView;
			sourceTree = "<group>";
		};
		C841CCD91F850E59007CD422 /* Authentication */ = {
			isa = PBXGroup;
			children = (
				C841CCDA1F850E6C007CD422 /* LoginViewController.swift */,
				C841CCDC1F850E7A007CD422 /* RegisterViewController.swift */,
			);
			path = Authentication;
			sourceTree = "<group>";
		};
		C848854F1F837E1D0032FA3B /* Resources */ = {
			isa = PBXGroup;
			children = (
				C81B69AF1F8B554F00F63ADD /* Avatar */,
				C8249A9C1F8A7E9A002ECB8F /* BridgingHeader */,
				C84885521F837E5A0032FA3B /* CoreData */,
				C84885511F837E520032FA3B /* Assets */,
				C84885501F837E4B0032FA3B /* Fonts */,
				C84885551F837ECA0032FA3B /* Info.plist */,
			);
			path = Resources;
			sourceTree = "<group>";
		};
		C84885501F837E4B0032FA3B /* Fonts */ = {
			isa = PBXGroup;
			children = (
				C85C3B121F847C4200A0DB3D /* OpenSans-bold.ttf */,
				C85C3B111F847C4200A0DB3D /* OpenSans-light.ttf */,
				C85C3B131F847C4200A0DB3D /* OpenSans-semibold.ttf */,
				C85C3B141F847C4200A0DB3D /* OpenSans.ttf */,
			);
			path = Fonts;
			sourceTree = "<group>";
		};
		C84885511F837E520032FA3B /* Assets */ = {
			isa = PBXGroup;
			children = (
				C88508F71F84E61C00F97475 /* Assets.xcassets */,
			);
			path = Assets;
			sourceTree = "<group>";
		};
		C84885521F837E5A0032FA3B /* CoreData */ = {
			isa = PBXGroup;
			children = (
				C84885561F837ED40032FA3B /* TwitSplit.xcdatamodeld */,
			);
			path = CoreData;
			sourceTree = "<group>";
		};
		C85C3B151F847E7B00A0DB3D /* Storyboards */ = {
			isa = PBXGroup;
			children = (
				C816D5FC1F84CA3800128768 /* LaunchScreen.storyboard */,
				C88FFE921F84D1480006506A /* SplashScreen.storyboard */,
				C841CCD71F850E45007CD422 /* Authentication.storyboard */,
				C85C3B191F8480AE00A0DB3D /* Main.storyboard */,
				C816D5FE1F84CA5300128768 /* Messages.storyboard */,
				C8165DB31F84E089004A258F /* Settings.storyboard */,
				C87F96201FD5426A0029DFE1 /* Test.storyboard */,
			);
			path = Storyboards;
			sourceTree = "<group>";
		};
		C85C3B181F847EC100A0DB3D /* Controllers */ = {
			isa = PBXGroup;
			children = (
				C87F961D1FD53E8A0029DFE1 /* New Group */,
				C88FFE9C1F84D2410006506A /* Utils */,
				C8165DA31F84DEAC004A258F /* SplashScreen */,
				C841CCD91F850E59007CD422 /* Authentication */,
				C8165DA71F84DF13004A258F /* Main */,
				C8165DA51F84DED4004A258F /* Messages */,
				C8165DA61F84DED9004A258F /* Settings */,
			);
			path = Controllers;
			sourceTree = "<group>";
		};
		C87F961D1FD53E8A0029DFE1 /* New Group */ = {
			isa = PBXGroup;
			children = (
				C87F961E1FD542550029DFE1 /* TestViewController.swift */,
			);
			path = "New Group";
			sourceTree = "<group>";
		};
		C88FFE621F84CB890006506A /* Global */ = {
			isa = PBXGroup;
			children = (
				C88FFE9F1F84D3FE0006506A /* Global.swift */,
			);
			path = Global;
			sourceTree = "<group>";
		};
		C88FFE671F84CB910006506A /* Extensions */ = {
			isa = PBXGroup;
			children = (
				C88FFEA11F84D4C40006506A /* UIColor.swift */,
				C8165D9D1F84DC52004A258F /* UIView.swift */,
				C8165D9F1F84DC7E004A258F /* NSAttributedString.swift */,
				C8165DA11F84DCC9004A258F /* UIImageView.swift */,
				C8EA65AA1F85DD4E0067B96C /* String.swift */,
			);
			path = Extensions;
			sourceTree = "<group>";
		};
		C88FFE6E1F84CBEE0006506A /* Models */ = {
			isa = PBXGroup;
			children = (
				C80C5EE81F8675C000EC0016 /* User.swift */,
				C80C5EEA1F867A0600EC0016 /* Message.swift */,
				C80C5EEE1F867C6300EC0016 /* Twitter.swift */,
			);
			path = Models;
			sourceTree = "<group>";
		};
		C88FFE741F84CBF60006506A /* Presenter */ = {
			isa = PBXGroup;
			children = (
				C8EA65AC1F85DFD30067B96C /* LoginPresenter.swift */,
				C8EA65AE1F85E2420067B96C /* RegisterPresenter.swift */,
				C80C5EE31F86344000EC0016 /* MessagesPresenter.swift */,
			);
			path = Presenter;
			sourceTree = "<group>";
		};
		C88FFE781F84CC020006506A /* Views */ = {
			isa = PBXGroup;
			children = (
				C8B3FC0B1F85FC2D002EB8A0 /* MessageTableViewCell.swift */,
				C8B3FC0C1F85FC2D002EB8A0 /* MessageTableViewCell.xib */,
				C8B3FC101F85FF0E002EB8A0 /* MessageInputBarView.swift */,
				C8B3FC141F86027B002EB8A0 /* MessageInputBarView.xib */,
			);
			path = Views;
			sourceTree = "<group>";
		};
		C88FFE8C1F84D0730006506A /* AppDelegate */ = {
			isa = PBXGroup;
			children = (
				C88FFEA31F84D52F0006506A /* AppDelegate.swift */,
			);
			path = AppDelegate;
			sourceTree = "<group>";
		};
		C88FFE9C1F84D2410006506A /* Utils */ = {
			isa = PBXGroup;
			children = (
				C88FFE9D1F84D24B0006506A /* BaseViewController.swift */,
			);
			path = Utils;
			sourceTree = "<group>";
		};
		C8BE16941F836EB0001C383A = {
			isa = PBXGroup;
			children = (
				C8BE169F1F836EB0001C383A /* TwitSplit */,
				C8249A881F8A716C002ECB8F /* TwitSplitTests */,
				C8BE169E1F836EB0001C383A /* Products */,
				44CBF753363416D67CFD47B1 /* Pods */,
				BBFAFFCEA611FA2BD40370DE /* Frameworks */,
			);
			sourceTree = "<group>";
		};
		C8BE169E1F836EB0001C383A /* Products */ = {
			isa = PBXGroup;
			children = (
				C8BE169D1F836EB0001C383A /* TwitSplit.app */,
				C8249A871F8A716C002ECB8F /* TwitSplitTests.xctest */,
			);
			name = Products;
			sourceTree = "<group>";
		};
		C8BE169F1F836EB0001C383A /* TwitSplit */ = {
			isa = PBXGroup;
			children = (
				C8249A951F8A7E50002ECB8F /* Libraries */,
				C80C5EE51F86647500EC0016 /* Manager */,
				C88FFE8C1F84D0730006506A /* AppDelegate */,
				C88FFE671F84CB910006506A /* Extensions */,
				C88FFE621F84CB890006506A /* Global */,
				C88FFE6E1F84CBEE0006506A /* Models */,
				C88FFE741F84CBF60006506A /* Presenter */,
				C85C3B151F847E7B00A0DB3D /* Storyboards */,
				C85C3B181F847EC100A0DB3D /* Controllers */,
				C88FFE781F84CC020006506A /* Views */,
				C848854F1F837E1D0032FA3B /* Resources */,
			);
			path = TwitSplit;
			sourceTree = "<group>";
		};
/* End PBXGroup section */

/* Begin PBXNativeTarget section */
		C8249A861F8A716C002ECB8F /* TwitSplitTests */ = {
			isa = PBXNativeTarget;
			buildConfigurationList = C8249A901F8A716C002ECB8F /* Build configuration list for PBXNativeTarget "TwitSplitTests" */;
			buildPhases = (
				C8249A831F8A716C002ECB8F /* Sources */,
				C8249A841F8A716C002ECB8F /* Frameworks */,
				C8249A851F8A716C002ECB8F /* Resources */,
			);
			buildRules = (
			);
			dependencies = (
				C8249A8D1F8A716C002ECB8F /* PBXTargetDependency */,
			);
			name = TwitSplitTests;
			productName = TwitSplitTests;
			productReference = C8249A871F8A716C002ECB8F /* TwitSplitTests.xctest */;
			productType = "com.apple.product-type.bundle.unit-test";
		};
		C8BE169C1F836EB0001C383A /* TwitSplit */ = {
			isa = PBXNativeTarget;
			buildConfigurationList = C8BE16B21F836EB0001C383A /* Build configuration list for PBXNativeTarget "TwitSplit" */;
			buildPhases = (
				9060F8723737319D4B890241 /* [CP] Check Pods Manifest.lock */,
				C8BE16991F836EB0001C383A /* Sources */,
				C8BE169A1F836EB0001C383A /* Frameworks */,
				C8BE169B1F836EB0001C383A /* Resources */,
				5D2070C4CF645FDA7000A862 /* [CP] Embed Pods Frameworks */,
				891D7E9A28FBC4DFFA6ED650 /* [CP] Copy Pods Resources */,
			);
			buildRules = (
			);
			dependencies = (
			);
			name = TwitSplit;
			productName = TwitSplit;
			productReference = C8BE169D1F836EB0001C383A /* TwitSplit.app */;
			productType = "com.apple.product-type.application";
		};
/* End PBXNativeTarget section */

/* Begin PBXProject section */
		C8BE16951F836EB0001C383A /* Project object */ = {
			isa = PBXProject;
			attributes = {
				LastSwiftUpdateCheck = 0900;
				LastUpgradeCheck = 0900;
				ORGANIZATIONNAME = "Thanh Tam Le";
				TargetAttributes = {
					C8249A861F8A716C002ECB8F = {
						CreatedOnToolsVersion = 9.0;
						ProvisioningStyle = Automatic;
						TestTargetID = C8BE169C1F836EB0001C383A;
					};
					C8BE169C1F836EB0001C383A = {
						CreatedOnToolsVersion = 9.0;
						LastSwiftMigration = 0900;
						ProvisioningStyle = Automatic;
					};
				};
			};
			buildConfigurationList = C8BE16981F836EB0001C383A /* Build configuration list for PBXProject "TwitSplit" */;
			compatibilityVersion = "Xcode 8.0";
			developmentRegion = en;
			hasScannedForEncodings = 0;
			knownRegions = (
				en,
				Base,
			);
			mainGroup = C8BE16941F836EB0001C383A;
			productRefGroup = C8BE169E1F836EB0001C383A /* Products */;
			projectDirPath = "";
			projectRoot = "";
			targets = (
				C8BE169C1F836EB0001C383A /* TwitSplit */,
				C8249A861F8A716C002ECB8F /* TwitSplitTests */,
			);
		};
/* End PBXProject section */

/* Begin PBXResourcesBuildPhase section */
		C8249A851F8A716C002ECB8F /* Resources */ = {
			isa = PBXResourcesBuildPhase;
			buildActionMask = 2147483647;
			files = (
			);
			runOnlyForDeploymentPostprocessing = 0;
		};
		C8BE169B1F836EB0001C383A /* Resources */ = {
			isa = PBXResourcesBuildPhase;
			buildActionMask = 2147483647;
			files = (
				C88508FD1F84EBF500F97475 /* Assets.xcassets in Resources */,
				C8B3FC0E1F85FC2D002EB8A0 /* MessageTableViewCell.xib in Resources */,
				C88508F91F84EBF000F97475 /* OpenSans-bold.ttf in Resources */,
				C88508FA1F84EBF000F97475 /* OpenSans-light.ttf in Resources */,
				C8B3FC151F86027B002EB8A0 /* MessageInputBarView.xib in Resources */,
				C841CCD81F850E45007CD422 /* Authentication.storyboard in Resources */,
				C88508FB1F84EBF000F97475 /* OpenSans-semibold.ttf in Resources */,
				C88508FC1F84EBF000F97475 /* OpenSans.ttf in Resources */,
				C816D5FF1F84CA5300128768 /* Messages.storyboard in Resources */,
				C88FFE931F84D1480006506A /* SplashScreen.storyboard in Resources */,
				C85C3B1A1F8480AE00A0DB3D /* Main.storyboard in Resources */,
				C816D5FD1F84CA3800128768 /* LaunchScreen.storyboard in Resources */,
				C87F96211FD5426A0029DFE1 /* Test.storyboard in Resources */,
				C8165DB41F84E089004A258F /* Settings.storyboard in Resources */,
			);
			runOnlyForDeploymentPostprocessing = 0;
		};
/* End PBXResourcesBuildPhase section */

/* Begin PBXShellScriptBuildPhase section */
		5D2070C4CF645FDA7000A862 /* [CP] Embed Pods Frameworks */ = {
			isa = PBXShellScriptBuildPhase;
			buildActionMask = 2147483647;
			files = (
			);
			inputPaths = (
				"${SRCROOT}/Pods/Target Support Files/Pods-TwitSplit/Pods-TwitSplit-frameworks.sh",
				"${BUILT_PRODUCTS_DIR}/IQKeyboardManagerSwift/IQKeyboardManagerSwift.framework",
			);
			name = "[CP] Embed Pods Frameworks";
			outputPaths = (
				"${TARGET_BUILD_DIR}/${FRAMEWORKS_FOLDER_PATH}/IQKeyboardManagerSwift.framework",
			);
			runOnlyForDeploymentPostprocessing = 0;
			shellPath = /bin/sh;
			shellScript = "\"${SRCROOT}/Pods/Target Support Files/Pods-TwitSplit/Pods-TwitSplit-frameworks.sh\"\n";
			showEnvVarsInLog = 0;
		};
		891D7E9A28FBC4DFFA6ED650 /* [CP] Copy Pods Resources */ = {
			isa = PBXShellScriptBuildPhase;
			buildActionMask = 2147483647;
			files = (
			);
			inputPaths = (
			);
			name = "[CP] Copy Pods Resources";
			outputPaths = (
			);
			runOnlyForDeploymentPostprocessing = 0;
			shellPath = /bin/sh;
			shellScript = "\"${SRCROOT}/Pods/Target Support Files/Pods-TwitSplit/Pods-TwitSplit-resources.sh\"\n";
			showEnvVarsInLog = 0;
		};
		9060F8723737319D4B890241 /* [CP] Check Pods Manifest.lock */ = {
			isa = PBXShellScriptBuildPhase;
			buildActionMask = 2147483647;
			files = (
			);
			inputPaths = (
				"${PODS_PODFILE_DIR_PATH}/Podfile.lock",
				"${PODS_ROOT}/Manifest.lock",
			);
			name = "[CP] Check Pods Manifest.lock";
			outputPaths = (
				"$(DERIVED_FILE_DIR)/Pods-TwitSplit-checkManifestLockResult.txt",
			);
			runOnlyForDeploymentPostprocessing = 0;
			shellPath = /bin/sh;
			shellScript = "diff \"${PODS_PODFILE_DIR_PATH}/Podfile.lock\" \"${PODS_ROOT}/Manifest.lock\" > /dev/null\nif [ $? != 0 ] ; then\n    # print error to STDERR\n    echo \"error: The sandbox is not in sync with the Podfile.lock. Run 'pod install' or update your CocoaPods installation.\" >&2\n    exit 1\nfi\n# This output is used by Xcode 'outputs' to avoid re-running this script phase.\necho \"SUCCESS\" > \"${SCRIPT_OUTPUT_FILE_0}\"\n";
			showEnvVarsInLog = 0;
		};
/* End PBXShellScriptBuildPhase section */

/* Begin PBXSourcesBuildPhase section */
		C8249A831F8A716C002ECB8F /* Sources */ = {
			isa = PBXSourcesBuildPhase;
			buildActionMask = 2147483647;
			files = (
				C8249A8A1F8A716C002ECB8F /* TwitSplitTests.swift in Sources */,
			);
			runOnlyForDeploymentPostprocessing = 0;
		};
		C8BE16991F836EB0001C383A /* Sources */ = {
			isa = PBXSourcesBuildPhase;
			buildActionMask = 2147483647;
			files = (
				C8EA65AD1F85DFD30067B96C /* LoginPresenter.swift in Sources */,
				C8165D9E1F84DC52004A258F /* UIView.swift in Sources */,
				C88FFEA01F84D3FF0006506A /* Global.swift in Sources */,
				C8165DB21F84DFB8004A258F /* SplashScreenViewController.swift in Sources */,
				C8EA65AF1F85E2420067B96C /* RegisterPresenter.swift in Sources */,
				C8165DA01F84DC7E004A258F /* NSAttributedString.swift in Sources */,
				C8165DAE1F84DF75004A258F /* SettingsViewController.swift in Sources */,
				C8165DAC1F84DF6E004A258F /* MessagesViewController.swift in Sources */,
				C80C5EF51F8686A200EC0016 /* TwitterValue.swift in Sources */,
				C8165DA21F84DCC9004A258F /* UIImageView.swift in Sources */,
				C87F961F1FD542550029DFE1 /* TestViewController.swift in Sources */,
				C80C5EF11F867EFF00EC0016 /* TwitterAlgorithm.swift in Sources */,
				C8165DB01F84DF7D004A258F /* ProfileViewController.swift in Sources */,
				C80C5EE91F8675C000EC0016 /* User.swift in Sources */,
				C80C5EE41F86344000EC0016 /* MessagesPresenter.swift in Sources */,
				C88FFEA21F84D4C40006506A /* UIColor.swift in Sources */,
				C8B3FC0D1F85FC2D002EB8A0 /* MessageTableViewCell.swift in Sources */,
				C841CCDD1F850E7A007CD422 /* RegisterViewController.swift in Sources */,
				C88FFE9E1F84D24B0006506A /* BaseViewController.swift in Sources */,
				C80C5EED1F867B7700EC0016 /* TwitterResult.swift in Sources */,
				C88FFEA41F84D52F0006506A /* AppDelegate.swift in Sources */,
				C8249AA91F8A9645002ECB8F /* GrowingTextView.swift in Sources */,
				C80C5EEB1F867A0600EC0016 /* Message.swift in Sources */,
				C8EA65AB1F85DD4E0067B96C /* String.swift in Sources */,
				C841CCDB1F850E6C007CD422 /* LoginViewController.swift in Sources */,
				C8165DA91F84DF52004A258F /* MainViewController.swift in Sources */,
				C80C5EEF1F867C6300EC0016 /* Twitter.swift in Sources */,
				C833F9761F88CFCE00F7EB75 /* TwitterPart.swift in Sources */,
				C80C5EE71F8672E600EC0016 /* TwitterManager.swift in Sources */,
				C8B3FC111F85FF0E002EB8A0 /* MessageInputBarView.swift in Sources */,
			);
			runOnlyForDeploymentPostprocessing = 0;
		};
/* End PBXSourcesBuildPhase section */

/* Begin PBXTargetDependency section */
		C8249A8D1F8A716C002ECB8F /* PBXTargetDependency */ = {
			isa = PBXTargetDependency;
			target = C8BE169C1F836EB0001C383A /* TwitSplit */;
			targetProxy = C8249A8C1F8A716C002ECB8F /* PBXContainerItemProxy */;
		};
/* End PBXTargetDependency section */

/* Begin XCBuildConfiguration section */
		C8249A8E1F8A716C002ECB8F /* Debug */ = {
			isa = XCBuildConfiguration;
			buildSettings = {
				BUNDLE_LOADER = "$(TEST_HOST)";
				CODE_SIGN_STYLE = Automatic;
				INFOPLIST_FILE = TwitSplitTests/Info.plist;
				LD_RUNPATH_SEARCH_PATHS = "$(inherited) @executable_path/Frameworks @loader_path/Frameworks";
				PRODUCT_BUNDLE_IDENTIFIER = Tam.TwitSplitTests;
				PRODUCT_NAME = "$(TARGET_NAME)";
				SWIFT_VERSION = 4.0;
				TARGETED_DEVICE_FAMILY = "1,2";
				TEST_HOST = "$(BUILT_PRODUCTS_DIR)/TwitSplit.app/TwitSplit";
			};
			name = Debug;
		};
		C8249A8F1F8A716C002ECB8F /* Release */ = {
			isa = XCBuildConfiguration;
			buildSettings = {
				BUNDLE_LOADER = "$(TEST_HOST)";
				CODE_SIGN_STYLE = Automatic;
				INFOPLIST_FILE = TwitSplitTests/Info.plist;
				LD_RUNPATH_SEARCH_PATHS = "$(inherited) @executable_path/Frameworks @loader_path/Frameworks";
				PRODUCT_BUNDLE_IDENTIFIER = Tam.TwitSplitTests;
				PRODUCT_NAME = "$(TARGET_NAME)";
				SWIFT_VERSION = 4.0;
				TARGETED_DEVICE_FAMILY = "1,2";
				TEST_HOST = "$(BUILT_PRODUCTS_DIR)/TwitSplit.app/TwitSplit";
			};
			name = Release;
		};
		C8BE16B01F836EB0001C383A /* Debug */ = {
			isa = XCBuildConfiguration;
			buildSettings = {
				ALWAYS_SEARCH_USER_PATHS = NO;
				CLANG_ANALYZER_NONNULL = YES;
				CLANG_ANALYZER_NUMBER_OBJECT_CONVERSION = YES_AGGRESSIVE;
				CLANG_CXX_LANGUAGE_STANDARD = "gnu++14";
				CLANG_CXX_LIBRARY = "libc++";
				CLANG_ENABLE_MODULES = YES;
				CLANG_ENABLE_OBJC_ARC = YES;
				CLANG_WARN_BLOCK_CAPTURE_AUTORELEASING = YES;
				CLANG_WARN_BOOL_CONVERSION = YES;
				CLANG_WARN_COMMA = YES;
				CLANG_WARN_CONSTANT_CONVERSION = YES;
				CLANG_WARN_DIRECT_OBJC_ISA_USAGE = YES_ERROR;
				CLANG_WARN_DOCUMENTATION_COMMENTS = YES;
				CLANG_WARN_EMPTY_BODY = YES;
				CLANG_WARN_ENUM_CONVERSION = YES;
				CLANG_WARN_INFINITE_RECURSION = YES;
				CLANG_WARN_INT_CONVERSION = YES;
				CLANG_WARN_NON_LITERAL_NULL_CONVERSION = YES;
				CLANG_WARN_OBJC_LITERAL_CONVERSION = YES;
				CLANG_WARN_OBJC_ROOT_CLASS = YES_ERROR;
				CLANG_WARN_RANGE_LOOP_ANALYSIS = YES;
				CLANG_WARN_STRICT_PROTOTYPES = YES;
				CLANG_WARN_SUSPICIOUS_MOVE = YES;
				CLANG_WARN_UNGUARDED_AVAILABILITY = YES_AGGRESSIVE;
				CLANG_WARN_UNREACHABLE_CODE = YES;
				CLANG_WARN__DUPLICATE_METHOD_MATCH = YES;
				CODE_SIGN_IDENTITY = "iPhone Developer";
				COPY_PHASE_STRIP = NO;
				DEBUG_INFORMATION_FORMAT = dwarf;
				ENABLE_STRICT_OBJC_MSGSEND = YES;
				ENABLE_TESTABILITY = YES;
				GCC_C_LANGUAGE_STANDARD = gnu11;
				GCC_DYNAMIC_NO_PIC = NO;
				GCC_NO_COMMON_BLOCKS = YES;
				GCC_OPTIMIZATION_LEVEL = 0;
				GCC_PREPROCESSOR_DEFINITIONS = (
					"DEBUG=1",
					"$(inherited)",
				);
				GCC_WARN_64_TO_32_BIT_CONVERSION = YES;
				GCC_WARN_ABOUT_RETURN_TYPE = YES_ERROR;
				GCC_WARN_UNDECLARED_SELECTOR = YES;
				GCC_WARN_UNINITIALIZED_AUTOS = YES_AGGRESSIVE;
				GCC_WARN_UNUSED_FUNCTION = YES;
				GCC_WARN_UNUSED_VARIABLE = YES;
				IPHONEOS_DEPLOYMENT_TARGET = 11.0;
				MTL_ENABLE_DEBUG_INFO = YES;
				ONLY_ACTIVE_ARCH = YES;
				SDKROOT = iphoneos;
				SWIFT_ACTIVE_COMPILATION_CONDITIONS = DEBUG;
				SWIFT_OPTIMIZATION_LEVEL = "-Onone";
			};
			name = Debug;
		};
		C8BE16B11F836EB0001C383A /* Release */ = {
			isa = XCBuildConfiguration;
			buildSettings = {
				ALWAYS_SEARCH_USER_PATHS = NO;
				CLANG_ANALYZER_NONNULL = YES;
				CLANG_ANALYZER_NUMBER_OBJECT_CONVERSION = YES_AGGRESSIVE;
				CLANG_CXX_LANGUAGE_STANDARD = "gnu++14";
				CLANG_CXX_LIBRARY = "libc++";
				CLANG_ENABLE_MODULES = YES;
				CLANG_ENABLE_OBJC_ARC = YES;
				CLANG_WARN_BLOCK_CAPTURE_AUTORELEASING = YES;
				CLANG_WARN_BOOL_CONVERSION = YES;
				CLANG_WARN_COMMA = YES;
				CLANG_WARN_CONSTANT_CONVERSION = YES;
				CLANG_WARN_DIRECT_OBJC_ISA_USAGE = YES_ERROR;
				CLANG_WARN_DOCUMENTATION_COMMENTS = YES;
				CLANG_WARN_EMPTY_BODY = YES;
				CLANG_WARN_ENUM_CONVERSION = YES;
				CLANG_WARN_INFINITE_RECURSION = YES;
				CLANG_WARN_INT_CONVERSION = YES;
				CLANG_WARN_NON_LITERAL_NULL_CONVERSION = YES;
				CLANG_WARN_OBJC_LITERAL_CONVERSION = YES;
				CLANG_WARN_OBJC_ROOT_CLASS = YES_ERROR;
				CLANG_WARN_RANGE_LOOP_ANALYSIS = YES;
				CLANG_WARN_STRICT_PROTOTYPES = YES;
				CLANG_WARN_SUSPICIOUS_MOVE = YES;
				CLANG_WARN_UNGUARDED_AVAILABILITY = YES_AGGRESSIVE;
				CLANG_WARN_UNREACHABLE_CODE = YES;
				CLANG_WARN__DUPLICATE_METHOD_MATCH = YES;
				CODE_SIGN_IDENTITY = "iPhone Developer";
				COPY_PHASE_STRIP = NO;
				DEBUG_INFORMATION_FORMAT = "dwarf-with-dsym";
				ENABLE_NS_ASSERTIONS = NO;
				ENABLE_STRICT_OBJC_MSGSEND = YES;
				GCC_C_LANGUAGE_STANDARD = gnu11;
				GCC_NO_COMMON_BLOCKS = YES;
				GCC_WARN_64_TO_32_BIT_CONVERSION = YES;
				GCC_WARN_ABOUT_RETURN_TYPE = YES_ERROR;
				GCC_WARN_UNDECLARED_SELECTOR = YES;
				GCC_WARN_UNINITIALIZED_AUTOS = YES_AGGRESSIVE;
				GCC_WARN_UNUSED_FUNCTION = YES;
				GCC_WARN_UNUSED_VARIABLE = YES;
				IPHONEOS_DEPLOYMENT_TARGET = 11.0;
				MTL_ENABLE_DEBUG_INFO = NO;
				SDKROOT = iphoneos;
				SWIFT_OPTIMIZATION_LEVEL = "-Owholemodule";
				VALIDATE_PRODUCT = YES;
			};
			name = Release;
		};
		C8BE16B31F836EB0001C383A /* Debug */ = {
			isa = XCBuildConfiguration;
			baseConfigurationReference = E57849FE1335DA2F9D757D3D /* Pods-TwitSplit.debug.xcconfig */;
			buildSettings = {
				ASSETCATALOG_COMPILER_APPICON_NAME = AppIcon;
				CLANG_ENABLE_MODULES = YES;
				CODE_SIGN_STYLE = Automatic;
				INFOPLIST_FILE = TwitSplit/Resources/Info.plist;
				LD_RUNPATH_SEARCH_PATHS = "$(inherited) @executable_path/Frameworks";
				PRODUCT_BUNDLE_IDENTIFIER = Tam.TwitSplit;
				PRODUCT_NAME = "$(TARGET_NAME)";
				SWIFT_OBJC_BRIDGING_HEADER = "TwitSplit/Resources/BridgingHeader/TwitSplit-Bridging-Header.h";
				SWIFT_OPTIMIZATION_LEVEL = "-Onone";
				SWIFT_VERSION = 4.0;
				TARGETED_DEVICE_FAMILY = "1,2";
			};
			name = Debug;
		};
		C8BE16B41F836EB0001C383A /* Release */ = {
			isa = XCBuildConfiguration;
			baseConfigurationReference = E214A6852642F3B87E517D9E /* Pods-TwitSplit.release.xcconfig */;
			buildSettings = {
				ASSETCATALOG_COMPILER_APPICON_NAME = AppIcon;
				CLANG_ENABLE_MODULES = YES;
				CODE_SIGN_STYLE = Automatic;
				INFOPLIST_FILE = TwitSplit/Resources/Info.plist;
				LD_RUNPATH_SEARCH_PATHS = "$(inherited) @executable_path/Frameworks";
				PRODUCT_BUNDLE_IDENTIFIER = Tam.TwitSplit;
				PRODUCT_NAME = "$(TARGET_NAME)";
				SWIFT_OBJC_BRIDGING_HEADER = "TwitSplit/Resources/BridgingHeader/TwitSplit-Bridging-Header.h";
				SWIFT_VERSION = 4.0;
				TARGETED_DEVICE_FAMILY = "1,2";
			};
			name = Release;
		};
/* End XCBuildConfiguration section */

/* Begin XCConfigurationList section */
		C8249A901F8A716C002ECB8F /* Build configuration list for PBXNativeTarget "TwitSplitTests" */ = {
			isa = XCConfigurationList;
			buildConfigurations = (
				C8249A8E1F8A716C002ECB8F /* Debug */,
				C8249A8F1F8A716C002ECB8F /* Release */,
			);
			defaultConfigurationIsVisible = 0;
			defaultConfigurationName = Release;
		};
		C8BE16981F836EB0001C383A /* Build configuration list for PBXProject "TwitSplit" */ = {
			isa = XCConfigurationList;
			buildConfigurations = (
				C8BE16B01F836EB0001C383A /* Debug */,
				C8BE16B11F836EB0001C383A /* Release */,
			);
			defaultConfigurationIsVisible = 0;
			defaultConfigurationName = Release;
		};
		C8BE16B21F836EB0001C383A /* Build configuration list for PBXNativeTarget "TwitSplit" */ = {
			isa = XCConfigurationList;
			buildConfigurations = (
				C8BE16B31F836EB0001C383A /* Debug */,
				C8BE16B41F836EB0001C383A /* Release */,
			);
			defaultConfigurationIsVisible = 0;
			defaultConfigurationName = Release;
		};
/* End XCConfigurationList section */

/* Begin XCVersionGroup section */
		C84885561F837ED40032FA3B /* TwitSplit.xcdatamodeld */ = {
			isa = XCVersionGroup;
			children = (
				C84885571F837ED40032FA3B /* TwitSplit.xcdatamodel */,
			);
			currentVersion = C84885571F837ED40032FA3B /* TwitSplit.xcdatamodel */;
			path = TwitSplit.xcdatamodeld;
			sourceTree = "<group>";
			versionGroupType = wrapper.xcdatamodel;
		};
/* End XCVersionGroup section */
	};
	rootObject = C8BE16951F836EB0001C383A /* Project object */;
}
